
Microsoft Visual Studio Solution File, Format Version 12.00
# Visual Studio Version 16
VisualStudioVersion = 16.0.31105.61
MinimumVisualStudioVersion = 10.0.40219.1
Project("{FAE04EC0-301F-11D3-BF4B-00C04F79EFBC}") = "Zadacha 14 Anikin", "Zadacha 14 Anikin\Zadacha 14 Anikin.csproj", "{45524FC6-6266-4AF2-8EA5-6A63CA3E9074}"
EndProject
Global
	GlobalSection(SolutionConfigurationPlatforms) = preSolution
		Debug|Any CPU = Debug|Any CPU
		Release|Any CPU = Release|Any CPU
	EndGlobalSection
	GlobalSection(ProjectConfigurationPlatforms) = postSolution
		{45524FC6-6266-4AF2-8EA5-6A63CA3E9074}.Debug|Any CPU.ActiveCfg = Debug|Any CPU
		{45524FC6-6266-4AF2-8EA5-6A63CA3E9074}.Debug|Any CPU.Build.0 = Debug|Any CPU
		{45524FC6-6266-4AF2-8EA5-6A63CA3E9074}.Release|Any CPU.ActiveCfg = Release|Any CPU
		{45524FC6-6266-4AF2-8EA5-6A63CA3E9074}.Release|Any CPU.Build.0 = Release|Any CPU
	EndGlobalSection
	GlobalSection(SolutionProperties) = preSolution
		HideSolutionNode = FALSE
	EndGlobalSection
	GlobalSection(ExtensibilityGlobals) = postSolution
		SolutionGuid = {46A404B7-E119-42EC-83B3-56707BAB86F8}
	EndGlobalSection
EndGlobal
