
Microsoft Visual Studio Solution File, Format Version 12.00
# Visual Studio Version 16
VisualStudioVersion = 16.0.31729.503
MinimumVisualStudioVersion = 10.0.40219.1
Project("{FAE04EC0-301F-11D3-BF4B-00C04F79EFBC}") = "Anikin", "Anikin\Anikin.csproj", "{2C5C80D9-3C4E-44A5-AEBD-EEA5EF06FE2B}"
EndProject
Global
	GlobalSection(SolutionConfigurationPlatforms) = preSolution
		Debug|Any CPU = Debug|Any CPU
		Release|Any CPU = Release|Any CPU
	EndGlobalSection
	GlobalSection(ProjectConfigurationPlatforms) = postSolution
		{2C5C80D9-3C4E-44A5-AEBD-EEA5EF06FE2B}.Debug|Any CPU.ActiveCfg = Debug|Any CPU
		{2C5C80D9-3C4E-44A5-AEBD-EEA5EF06FE2B}.Debug|Any CPU.Build.0 = Debug|Any CPU
		{2C5C80D9-3C4E-44A5-AEBD-EEA5EF06FE2B}.Release|Any CPU.ActiveCfg = Release|Any CPU
		{2C5C80D9-3C4E-44A5-AEBD-EEA5EF06FE2B}.Release|Any CPU.Build.0 = Release|Any CPU
	EndGlobalSection
	GlobalSection(SolutionProperties) = preSolution
		HideSolutionNode = FALSE
	EndGlobalSection
	GlobalSection(ExtensibilityGlobals) = postSolution
		SolutionGuid = {202BB153-95B6-4633-B353-3E3C2EE8B48C}
	EndGlobalSection
EndGlobal
