
Microsoft Visual Studio Solution File, Format Version 12.00
# Visual Studio Version 16
VisualStudioVersion = 16.0.31105.61
MinimumVisualStudioVersion = 10.0.40219.1
Project("{FAE04EC0-301F-11D3-BF4B-00C04F79EFBC}") = "Interaktivnaya karta Anikin", "Interaktivnaya karta Anikin\Interaktivnaya karta Anikin.csproj", "{A211E09C-31E9-4D8B-8BB4-5875217BA83B}"
EndProject
Global
	GlobalSection(SolutionConfigurationPlatforms) = preSolution
		Debug|Any CPU = Debug|Any CPU
		Release|Any CPU = Release|Any CPU
	EndGlobalSection
	GlobalSection(ProjectConfigurationPlatforms) = postSolution
		{A211E09C-31E9-4D8B-8BB4-5875217BA83B}.Debug|Any CPU.ActiveCfg = Debug|Any CPU
		{A211E09C-31E9-4D8B-8BB4-5875217BA83B}.Debug|Any CPU.Build.0 = Debug|Any CPU
		{A211E09C-31E9-4D8B-8BB4-5875217BA83B}.Release|Any CPU.ActiveCfg = Release|Any CPU
		{A211E09C-31E9-4D8B-8BB4-5875217BA83B}.Release|Any CPU.Build.0 = Release|Any CPU
	EndGlobalSection
	GlobalSection(SolutionProperties) = preSolution
		HideSolutionNode = FALSE
	EndGlobalSection
	GlobalSection(ExtensibilityGlobals) = postSolution
		SolutionGuid = {FA50A0EC-E0B9-4C7D-865F-C69CF0772A03}
	EndGlobalSection
EndGlobal
