
Microsoft Visual Studio Solution File, Format Version 12.00
# Visual Studio Version 16
VisualStudioVersion = 16.0.31105.61
MinimumVisualStudioVersion = 10.0.40219.1
Project("{FAE04EC0-301F-11D3-BF4B-00C04F79EFBC}") = "zadacha 15 Anikin", "zadacha 15 Anikin\zadacha 15 Anikin.csproj", "{4ADF9696-6AFB-4783-A07C-1B7ABB537AEF}"
EndProject
Global
	GlobalSection(SolutionConfigurationPlatforms) = preSolution
		Debug|Any CPU = Debug|Any CPU
		Release|Any CPU = Release|Any CPU
	EndGlobalSection
	GlobalSection(ProjectConfigurationPlatforms) = postSolution
		{4ADF9696-6AFB-4783-A07C-1B7ABB537AEF}.Debug|Any CPU.ActiveCfg = Debug|Any CPU
		{4ADF9696-6AFB-4783-A07C-1B7ABB537AEF}.Debug|Any CPU.Build.0 = Debug|Any CPU
		{4ADF9696-6AFB-4783-A07C-1B7ABB537AEF}.Release|Any CPU.ActiveCfg = Release|Any CPU
		{4ADF9696-6AFB-4783-A07C-1B7ABB537AEF}.Release|Any CPU.Build.0 = Release|Any CPU
	EndGlobalSection
	GlobalSection(SolutionProperties) = preSolution
		HideSolutionNode = FALSE
	EndGlobalSection
	GlobalSection(ExtensibilityGlobals) = postSolution
		SolutionGuid = {DF3C24A2-9584-46D3-A917-F87F882F0E93}
	EndGlobalSection
EndGlobal
